# This file is generated by running "yarn install" inside your project.
# Manual changes might be lost - proceed with caution!

__metadata:
  version: 8
  cacheKey: 10c0

"@emotion/react@link:../node_modules/@emotion/react::locator=firecms-example%40workspace%3A.":
  version: 0.0.0-use.local
  resolution: "@emotion/react@link:../node_modules/@emotion/react::locator=firecms-example%40workspace%3A."
  languageName: node
  linkType: soft

"@emotion/styled@link:../node_modules/@emotion/styled::locator=firecms-example%40workspace%3A.":
  version: 0.0.0-use.local
  resolution: "@emotion/styled@link:../node_modules/@emotion/styled::locator=firecms-example%40workspace%3A."
  languageName: node
  linkType: soft

"@mui/icons-material@link:../node_modules/@mui/icons-material::locator=firecms-example%40workspace%3A.":
  version: 0.0.0-use.local
  resolution: "@mui/icons-material@link:../node_modules/@mui/icons-material::locator=firecms-example%40workspace%3A."
  languageName: node
  linkType: soft

"@mui/lab@link:../node_modules/@mui/lab::locator=firecms-example%40workspace%3A.":
  version: 0.0.0-use.local
  resolution: "@mui/lab@link:../node_modules/@mui/lab::locator=firecms-example%40workspace%3A."
  languageName: node
  linkType: soft

"@mui/material@link:../node_modules/@mui/material::locator=firecms-example%40workspace%3A.":
  version: 0.0.0-use.local
  resolution: "@mui/material@link:../node_modules/@mui/material::locator=firecms-example%40workspace%3A."
  languageName: node
  linkType: soft

"@mui/styles@link:../node_modules/@mui/styles::locator=firecms-example%40workspace%3A.":
  version: 0.0.0-use.local
  resolution: "@mui/styles@link:../node_modules/@mui/styles::locator=firecms-example%40workspace%3A."
  languageName: node
  linkType: soft

"@types/react-dom@link:../node_modules/@types/react-dom::locator=firecms-example%40workspace%3A.":
  version: 0.0.0-use.local
  resolution: "@types/react-dom@link:../node_modules/@types/react-dom::locator=firecms-example%40workspace%3A."
  languageName: node
  linkType: soft

"@types/react@link:../node_modules/@types/react::locator=firecms-example%40workspace%3A.":
  version: 0.0.0-use.local
  resolution: "@types/react@link:../node_modules/@types/react::locator=firecms-example%40workspace%3A."
  languageName: node
  linkType: soft

"@vitejs/plugin-react@link:../node_modules/@vitejs/plugin-react::locator=firecms-example%40workspace%3A.":
  version: 0.0.0-use.local
  resolution: "@vitejs/plugin-react@link:../node_modules/@vitejs/plugin-react::locator=firecms-example%40workspace%3A."
  languageName: node
  linkType: soft

"algoliasearch@link:../node_modules/algoliasearch::locator=firecms-example%40workspace%3A.":
  version: 0.0.0-use.local
  resolution: "algoliasearch@link:../node_modules/algoliasearch::locator=firecms-example%40workspace%3A."
  languageName: node
  linkType: soft

"eslint-config-react-app@link:../node_modules/eslint-config-react-app::locator=firecms-example%40workspace%3A.":
  version: 0.0.0-use.local
  resolution: "eslint-config-react-app@link:../node_modules/eslint-config-react-app::locator=firecms-example%40workspace%3A."
  languageName: node
  linkType: soft

"firebase@link:../node_modules/firebase::locator=firecms-example%40workspace%3A.":
  version: 0.0.0-use.local
  resolution: "firebase@link:../node_modules/firebase::locator=firecms-example%40workspace%3A."
  languageName: node
  linkType: soft

"firecms-example@workspace:.":
  version: 0.0.0-use.local
  resolution: "firecms-example@workspace:."
  dependencies:
    "@emotion/react": "link:../node_modules/@emotion/react"
    "@emotion/styled": "link:../node_modules/@emotion/styled"
    "@mui/icons-material": "link:../node_modules/@mui/icons-material"
    "@mui/lab": "link:../node_modules/@mui/lab"
    "@mui/material": "link:../node_modules/@mui/material"
    "@mui/styles": "link:../node_modules/@mui/styles"
    "@types/react": "link:../node_modules/@types/react"
    "@types/react-dom": "link:../node_modules/@types/react-dom"
    "@vitejs/plugin-react": "link:../node_modules/@vitejs/plugin-react"
    algoliasearch: "link:../node_modules/algoliasearch"
    eslint-config-react-app: "link:../node_modules/eslint-config-react-app"
    firebase: "link:../node_modules/firebase"
    react: "link:../node_modules/react"
    react-dom: "link:../node_modules/react-dom"
    react-router: "link:../node_modules/react-router"
    react-router-dom: "link:../node_modules/react-router-dom"
    react-scripts: "link:../node_modules/react-scripts"
    react-toastify: "link:../node_modules/react-toastify"
    takeizi-cms: "link:.."
    typescript: "link:../node_modules/typescript"
    vite: "link:../node_modules/vite"
    vite-plugin-fonts: "npm:^0.2.2"
  languageName: unknown
  linkType: soft

"react-dom@link:../node_modules/react-dom::locator=firecms-example%40workspace%3A.":
  version: 0.0.0-use.local
  resolution: "react-dom@link:../node_modules/react-dom::locator=firecms-example%40workspace%3A."
  languageName: node
  linkType: soft

"react-router-dom@link:../node_modules/react-router-dom::locator=firecms-example%40workspace%3A.":
  version: 0.0.0-use.local
  resolution: "react-router-dom@link:../node_modules/react-router-dom::locator=firecms-example%40workspace%3A."
  languageName: node
  linkType: soft

"react-router@link:../node_modules/react-router::locator=firecms-example%40workspace%3A.":
  version: 0.0.0-use.local
  resolution: "react-router@link:../node_modules/react-router::locator=firecms-example%40workspace%3A."
  languageName: node
  linkType: soft

"react-scripts@link:../node_modules/react-scripts::locator=firecms-example%40workspace%3A.":
  version: 0.0.0-use.local
  resolution: "react-scripts@link:../node_modules/react-scripts::locator=firecms-example%40workspace%3A."
  languageName: node
  linkType: soft

"react-toastify@link:../node_modules/react-toastify::locator=firecms-example%40workspace%3A.":
  version: 0.0.0-use.local
  resolution: "react-toastify@link:../node_modules/react-toastify::locator=firecms-example%40workspace%3A."
  languageName: node
  linkType: soft

"react@link:../node_modules/react::locator=firecms-example%40workspace%3A.":
  version: 0.0.0-use.local
  resolution: "react@link:../node_modules/react::locator=firecms-example%40workspace%3A."
  languageName: node
  linkType: soft

"takeizi-cms@link:..::locator=firecms-example%40workspace%3A.":
  version: 0.0.0-use.local
  resolution: "takeizi-cms@link:..::locator=firecms-example%40workspace%3A."
  languageName: node
  linkType: soft

"typescript@link:../node_modules/typescript::locator=firecms-example%40workspace%3A.":
  version: 0.0.0-use.local
  resolution: "typescript@link:../node_modules/typescript::locator=firecms-example%40workspace%3A."
  languageName: node
  linkType: soft

"typescript@patch:typescript@link%3A../node_modules/typescript#optional!builtin<compat/typescript>":
  version: 0.0.0-use.local
  resolution: "typescript@patch:typescript@link%3A../node_modules/typescript%3A%3Alocator=firecms-example%2540workspace%253A.#optional!builtin<compat/typescript>::version=0.0.0&hash=3bafbf"
  checksum: 7dbb606c402facebeff3188793d389958a6eb7dff114da7fbc9ac8f625953c1fa545934159c697208bfd5ff12be755a08d07773c7286e3f3ea85df08c8bbbfc8
  languageName: node
  linkType: soft

"vite-plugin-fonts@npm:^0.2.2":
  version: 0.2.2
  resolution: "vite-plugin-fonts@npm:0.2.2"
  peerDependencies:
    vite: ^2.0.0
  checksum: a4b2a230653cfa80b81a464815e76ffba568d7dd2d612d8c3be1e4016ca473fb1ed62259de37162f26a38dcd6cd6843829abec87330b53e2be67ca1de7afb250
  languageName: node
  linkType: hard

"vite@link:../node_modules/vite::locator=firecms-example%40workspace%3A.":
  version: 0.0.0-use.local
  resolution: "vite@link:../node_modules/vite::locator=firecms-example%40workspace%3A."
  languageName: node
  linkType: soft
